
Microsoft Visual Studio Solution File, Format Version 12.00
# Visual Studio Version 16
VisualStudioVersion = 16.0.29324.140
MinimumVisualStudioVersion = 10.0.40219.1
Project("{FAE04EC0-301F-11D3-BF4B-00C04F79EFBC}") = "LAB1zad1", "LAB1zad1\LAB1zad1.csproj", "{037CE694-6A57-43F7-BCDA-D03DC2F411B2}"
EndProject
Global
	GlobalSection(SolutionConfigurationPlatforms) = preSolution
		Debug|Any CPU = Debug|Any CPU
		Release|Any CPU = Release|Any CPU
	EndGlobalSection
	GlobalSection(ProjectConfigurationPlatforms) = postSolution
		{037CE694-6A57-43F7-BCDA-D03DC2F411B2}.Debug|Any CPU.ActiveCfg = Debug|Any CPU
		{037CE694-6A57-43F7-BCDA-D03DC2F411B2}.Debug|Any CPU.Build.0 = Debug|Any CPU
		{037CE694-6A57-43F7-BCDA-D03DC2F411B2}.Release|Any CPU.ActiveCfg = Release|Any CPU
		{037CE694-6A57-43F7-BCDA-D03DC2F411B2}.Release|Any CPU.Build.0 = Release|Any CPU
	EndGlobalSection
	GlobalSection(SolutionProperties) = preSolution
		HideSolutionNode = FALSE
	EndGlobalSection
	GlobalSection(ExtensibilityGlobals) = postSolution
		SolutionGuid = {4996D3C1-07E7-4D50-813D-F1AAF976C947}
	EndGlobalSection
EndGlobal
